
Microsoft Visual Studio Solution File, Format Version 12.00
# Visual Studio Version 17
VisualStudioVersion = 17.6.33712.159
MinimumVisualStudioVersion = 10.0.40219.1
Project("{888888A0-9F3D-457C-B088-3A5042F75D52}") = "Software Engineering & Agile Web Application", "Software Engineering & Agile Web Application.pyproj", "{06E26A83-34CE-494B-B464-9BC6F9D1997D}"
EndProject
Global
	GlobalSection(SolutionConfigurationPlatforms) = preSolution
		Debug|Any CPU = Debug|Any CPU
		Release|Any CPU = Release|Any CPU
	EndGlobalSection
	GlobalSection(ProjectConfigurationPlatforms) = postSolution
		{06E26A83-34CE-494B-B464-9BC6F9D1997D}.Debug|Any CPU.ActiveCfg = Debug|Any CPU
		{06E26A83-34CE-494B-B464-9BC6F9D1997D}.Debug|Any CPU.Build.0 = Debug|Any CPU
		{06E26A83-34CE-494B-B464-9BC6F9D1997D}.Release|Any CPU.ActiveCfg = Release|Any CPU
		{06E26A83-34CE-494B-B464-9BC6F9D1997D}.Release|Any CPU.Build.0 = Release|Any CPU
	EndGlobalSection
	GlobalSection(SolutionProperties) = preSolution
		HideSolutionNode = FALSE
	EndGlobalSection
	GlobalSection(ExtensibilityGlobals) = postSolution
		SolutionGuid = {0232F3AA-A71E-493C-8DC1-853B2633906E}
	EndGlobalSection
EndGlobal
